
Microsoft Visual Studio Solution File, Format Version 12.00
Project("{FAE04EC0-301F-11D3-BF4B-00C04F79EFBC}") = "UnityDataMiner", "UnityDataMiner\UnityDataMiner.csproj", "{B237D987-14BC-4589-83E5-0C5BA636E529}"
EndProject
Project("{FAE04EC0-301F-11D3-BF4B-00C04F79EFBC}") = "UnityServices", "UnityServices\UnityServices.csproj", "{D0F3CFB3-D8D8-47BB-98B9-F735C3B3FC65}"
EndProject
Global
	GlobalSection(SolutionConfigurationPlatforms) = preSolution
		Debug|Any CPU = Debug|Any CPU
		Release|Any CPU = Release|Any CPU
	EndGlobalSection
	GlobalSection(ProjectConfigurationPlatforms) = postSolution
		{B237D987-14BC-4589-83E5-0C5BA636E529}.Debug|Any CPU.ActiveCfg = Debug|Any CPU
		{B237D987-14BC-4589-83E5-0C5BA636E529}.Debug|Any CPU.Build.0 = Debug|Any CPU
		{B237D987-14BC-4589-83E5-0C5BA636E529}.Release|Any CPU.ActiveCfg = Release|Any CPU
		{B237D987-14BC-4589-83E5-0C5BA636E529}.Release|Any CPU.Build.0 = Release|Any CPU
		{D0F3CFB3-D8D8-47BB-98B9-F735C3B3FC65}.Debug|Any CPU.ActiveCfg = Debug|Any CPU
		{D0F3CFB3-D8D8-47BB-98B9-F735C3B3FC65}.Debug|Any CPU.Build.0 = Debug|Any CPU
		{D0F3CFB3-D8D8-47BB-98B9-F735C3B3FC65}.Release|Any CPU.ActiveCfg = Release|Any CPU
		{D0F3CFB3-D8D8-47BB-98B9-F735C3B3FC65}.Release|Any CPU.Build.0 = Release|Any CPU
	EndGlobalSection
EndGlobal
